{
  "name": "mmwx-probe",
  "version": "0.1.0",
  "lockfileVersion": 3,
  "requires": true,
  "packages": {
    "": {
      "name": "mmwx-probe",
      "version": "0.1.0",
      "dependencies": {
        "@types/d3-geo": "^3.1.1",
        "@types/topojson-client": "^3.1.5",
        "@vitejs/plugin-react-swc": "^4.1.0",
        "d3-geo": "^3.1.1",
        "i18n-iso-countries": "^7.14.0",
        "lottie-react": "^2.4.1",
        "lucide-react": "^0.545.0",
        "react": "^19.2.0",
        "react-dom": "^19.2.0",
        "recharts": "^3.2.1",
        "simple-icons": "^16.28.0",
        "topojson-client": "^3.1.0",
        "twemoji": "^14.0.2",
        "vite": "^7.1.9",
        "world-atlas": "^2.0.2"
      },
      "devDependencies": {
        "@cloudflare/workers-types": "^5.20260731.1",
        "@types/react": "^19.2.0",
        "@types/react-dom": "^19.2.0",
        "@types/twemoji": "^13.1.1",
        "typescript": "~5.9.3",
        "wrangler": "^4.116.0"
      }
    },
    "node_modules/@cloudflare/kv-asset-handler": {
      "version": "0.5.0",
      "resolved": "https://registry.npmjs.org/@cloudflare/kv-asset-handler/-/kv-asset-handler-0.5.0.tgz",
      "integrity": "sha512-jxQYkj8dSIzc0cD6cMMNdOc1UVjqSqu8BZdor5s8cGjW2I8BjODt/kWPVdY+u9zj3ms75Q5qaZgnxUad83+eAg==",
      "dev": true,
      "license": "MIT OR Apache-2.0",
      "engines": {
        "node": ">=22.0.0"
      }
    },
    "node_modules/@cloudflare/unenv-preset": {
      "version": "2.16.1",
      "resolved": "https://registry.npmjs.org/@cloudflare/unenv-preset/-/unenv-preset-2.16.1.tgz",
      "integrity": "sha512-ECxObrMfyTl5bhQf/lZCXwo5G6xX9IAUo+nDMKK4SZ8m4Jvvxp52vilxyySSWh2YTZz8+HQ07qGH/2rEom1vDw==",
      "dev": true,
      "license": "MIT OR Apache-2.0",
      "peerDependencies": {
        "unenv": "2.0.0-rc.24",
        "workerd": ">1.20260305.0 <2.0.0-0"
      },
      "peerDependenciesMeta": {
        "workerd": {
          "optional": true
        }
      }
    },
    "node_modules/@cloudflare/workerd-darwin-64": {
      "version": "1.20260730.1",
      "resolved": "https://registry.npmjs.org/@cloudflare/workerd-darwin-64/-/workerd-darwin-64-1.20260730.1.tgz",
      "integrity": "sha512-+MBHmPaiTe2KajryW0T24rZvWFxb41hD3d8anNzQqHzft6vSEb18+sp0znSwxgij7ApPhSM1+vhkNg4f3YMguA==",
      "cpu": [
        "x64"
      ],
      "dev": true,
      "license": "Apache-2.0",
      "optional": true,
      "os": [
        "darwin"
      ],
      "engines": {
        "node": ">=16"
      }
    },
    "node_modules/@cloudflare/workerd-darwin-arm64": {
      "version": "1.20260730.1",
      "resolved": "https://registry.npmjs.org/@cloudflare/workerd-darwin-arm64/-/workerd-darwin-arm64-1.20260730.1.tgz",
      "integrity": "sha512-SBHKntPkKvNPgaCrTe99xC1CAl8ygJDzlYfK0LbuJ1muKadIw35WnhO0wu894fKBtllsVQdNzDLee+cm0ppLSQ==",
      "cpu": [
        "arm64"
      ],
      "dev": true,
      "license": "Apache-2.0",
      "optional": true,
      "os": [
        "darwin"
      ],
      "engines": {
        "node": ">=16"
      }
    },
    "node_modules/@cloudflare/workerd-linux-64": {
      "version": "1.20260730.1",
      "resolved": "https://registry.npmjs.org/@cloudflare/workerd-linux-64/-/workerd-linux-64-1.20260730.1.tgz",
      "integrity": "sha512-ouyPOSMbiKPeSwUJUvxtMcxGAXs2J4aPE4T5ABIYX5ClcQx5j5bbHTmnqOQEY8sAuLTPjH7dY+iB6UI5ISlwwA==",
      "cpu": [
        "x64"
      ],
      "dev": true,
      "license": "Apache-2.0",
      "optional": true,
      "os": [
        "linux"
      ],
      "engines": {
        "node": ">=16"
      }
    },
    "node_modules/@cloudflare/workerd-linux-arm64": {
      "version": "1.20260730.1",
      "resolved": "https://registry.npmjs.org/@cloudflare/workerd-linux-arm64/-/workerd-linux-arm64-1.20260730.1.tgz",
      "integrity": "sha512-YQ+Mi78U3TPdgBPtwq+Sm6rJU+Ihl2y0pjYtuuKkdmUbYzL7oLR6Xqq9wljhasnuCFICssDJaqhMep5WizYoEQ==",
      "cpu": [
        "arm64"
      ],
      "dev": true,
      "license": "Apache-2.0",
      "optional": true,
      "os": [
        "linux"
      ],
      "engines": {
        "node": ">=16"
      }
    },
    "node_modules/@cloudflare/workerd-windows-64": {
      "version": "1.20260730.1",
      "resolved": "https://registry.npmjs.org/@cloudflare/workerd-windows-64/-/workerd-windows-64-1.20260730.1.tgz",
      "integrity": "sha512-27fAN+vUECW1oYVc1KOcHYpkL8COM2Uxtxql7TL595kxbjoqS5yckw7NLz7bTf2pALFCZWjqXDjZGJ/xbG4ZKQ==",
      "cpu": [
        "x64"
      ],
      "dev": true,
      "license": "Apache-2.0",
      "optional": true,
      "os": [
        "win32"
      ],
      "engines": {
        "node": ">=16"
      }
    },
    "node_modules/@cloudflare/workers-types": {
      "version": "5.20260731.1",
      "resolved": "https://registry.npmjs.org/@cloudflare/workers-types/-/workers-types-5.20260731.1.tgz",
      "integrity": "sha512-ly+eua642FCR2nbQGi/OxqlVaJI3fNdyqK7G4u6jWCAZ4WYhOBvZWyf0M7s5zurWbNQW3YjelOxuKqR0zYK90w==",
      "dev": true,
      "license": "MIT OR Apache-2.0",
      "peer": true
    },
    "node_modules/@cspotcode/source-map-support": {
      "version": "0.8.1",
      "resolved": "https://registry.npmjs.org/@cspotcode/source-map-support/-/source-map-support-0.8.1.tgz",
      "integrity": "sha512-IchNf6dN4tHoMFIn/7OE8LWZ19Y6q/67Bmf6vnGREv8RSbBVb9LPJxEcnwrcwX6ixSvaiGoomAUvu4YSxXrVgw==",
      "dev": true,
      "license": "MIT",
      "dependencies": {
        "@jridgewell/trace-mapping": "0.3.9"
      },
      "engines": {
        "node": ">=12"
      }
    },
    "node_modules/@emnapi/runtime": {
      "version": "1.11.3",
      "resolved": "https://registry.npmjs.org/@emnapi/runtime/-/runtime-1.11.3.tgz",
      "integrity": "sha512-Xz4Tpyki7XyrpbUK1jR1AhdAdaXyhhY4lZ3neLodmhpuWfy2PAQN5B46sAiU4liOXGLkHypn/qU+jvfWSCYYLA==",
      "dev": true,
      "license": "MIT",
      "optional": true,
      "dependencies": {
        "tslib": "^2.4.0"
      }
    },
    "node_modules/@esbuild/aix-ppc64": {
      "version": "0.28.1",
      "resolved": "https://registry.npmjs.org/@esbuild/aix-ppc64/-/aix-ppc64-0.28.1.tgz",
      "integrity": "sha512-Svl7tq8k/08+p6CXPpRjQ1fKX+1odH/BQbb48fV6fj3CWHhsoIOoY87w1oHXm0qEpkIK3ZfVgp0hed3XBXzXMQ==",
      "cpu": [
        "ppc64"
      ],
      "license": "MIT",
      "optional": true,
      "os": [
        "aix"
      ],
      "engines": {
        "node": ">=18"
      }
    },
    "node_modules/@esbuild/android-arm": {
      "version": "0.28.1",
      "resolved": "https://registry.npmjs.org/@esbuild/android-arm/-/android-arm-0.28.1.tgz",
      "integrity": "sha512-0k2F129Xdio1TdJfzJ8sy1Q47vUD2NnwdhiAf7drUN1EBTfPf4hsFCtmMgu/6m8JSzsBrlmVjudMBQqOfG8usQ==",
      "cpu": [
        "arm"
      ],
      "license": "MIT",
      "optional": true,
      "os": [
        "android"
      ],
      "engines": {
        "node": ">=18"
      }
    },
    "node_modules/@esbuild/android-arm64": {
      "version": "0.28.1",
      "resolved": "https://registry.npmjs.org/@esbuild/android-arm64/-/android-arm64-0.28.1.tgz",
      "integrity": "sha512-34EGEbCIAgosYz6goLcopX6Mo7NyGv9tfwEM2/7Ce2VcVRk568iSvniGWcUXIy7wEDR1wzolcxcriFVrWYcwBg==",
      "cpu": [
        "arm64"
      ],
      "license": "MIT",
      "optional": true,
      "os": [
        "android"
      ],
      "engines": {
        "node": ">=18"
      }
    },
    "node_modules/@esbuild/android-x64": {
      "version": "0.28.1",
      "resolved": "https://registry.npmjs.org/@esbuild/android-x64/-/android-x64-0.28.1.tgz",
      "integrity": "sha512-dbwY7ltSMDWsRatcRpCnES4F+im88OCUgGZjy52shC7GqHRE/cYlxNbB4Z4UpJswpcc4Qxd2oE/ufM0p61IKng==",
      "cpu": [
        "x64"
      ],
      "license": "MIT",
      "optional": true,
      "os": [
        "android"
      ],
      "engines": {
        "node": ">=18"
      }
    },
    "node_modules/@esbuild/darwin-arm64": {
      "version": "0.28.1",
      "resolved": "https://registry.npmjs.org/@esbuild/darwin-arm64/-/darwin-arm64-0.28.1.tgz",
      "integrity": "sha512-TZbWkQY7kvTAXbXUT7uVACR5cMHsDiSz9z7ZKAX/RTq/WJEk3QyRr0wZpNhBDX+/0CtdqUIJlOiodQcta6tY3Q==",
      "cpu": [
        "arm64"
      ],
      "license": "MIT",
      "optional": true,
      "os": [
        "darwin"
      ],
      "engines": {
        "node": ">=18"
      }
    },
    "node_modules/@esbuild/darwin-x64": {
      "version": "0.28.1",
      "resolved": "https://registry.npmjs.org/@esbuild/darwin-x64/-/darwin-x64-0.28.1.tgz",
      "integrity": "sha512-zfdzgK9ACBNZLI/CyHTOx81SyNbM6YXn7rxSgX97VjyiPl9W1i4Ka4fgKECEoFCKGpvBj5qArWIGgQjOwkgskQ==",
      "cpu": [
        "x64"
      ],
      "license": "MIT",
      "optional": true,
      "os": [
        "darwin"
      ],
      "engines": {
        "node": ">=18"
      }
    },
    "node_modules/@esbuild/freebsd-arm64": {
      "version": "0.28.1",
      "resolved": "https://registry.npmjs.org/@esbuild/freebsd-arm64/-/freebsd-arm64-0.28.1.tgz",
      "integrity": "sha512-wG2EA8ENdEI0qhkSZMjfqrdY+ziCYCPMmtZjjIwOmXFjmyzEHn+UUxk5of+SYsjtfs3VpnlC7QLzSI5hY/rOAw==",
      "cpu": [
        "arm64"
      ],
      "license": "MIT",
      "optional": true,
      "os": [
        "freebsd"
      ],
      "engines": {
        "node": ">=18"
      }
    },
    "node_modules/@esbuild/freebsd-x64": {
      "version": "0.28.1",
      "resolved": "https://registry.npmjs.org/@esbuild/freebsd-x64/-/freebsd-x64-0.28.1.tgz",
      "integrity": "sha512-i7dZ9vQgnvSCzi/rYCXNgtF/U+eKZNJBzu3eTQbRgHnM7tNSizLOkRFAl3qzVc/Op/u5YkHHa4pf/3DOYHthLQ==",
      "cpu": [
        "x64"
      ],
      "license": "MIT",
      "optional": true,
      "os": [
        "freebsd"
      ],
      "engines": {
        "node": ">=18"
      }
    },
    "node_modules/@esbuild/linux-arm": {
      "version": "0.28.1",
      "resolved": "https://registry.npmjs.org/@esbuild/linux-arm/-/linux-arm-0.28.1.tgz",
      "integrity": "sha512-qVXBOHQS+d5Y722GwJzJUtOLlX7km3CraOaGormF1pDtPd2C/l1SHRPgjLunLGe51Sh5YYWKMFDyV4SxgMQYTQ==",
      "cpu": [
        "arm"
      ],
      "license": "MIT",
      "optional": true,
      "os": [
        "linux"
      ],
      "engines": {
        "node": ">=18"
      }
    },
    "node_modules/@esbuild/linux-arm64": {
      "version": "0.28.1",
      "resolved": "https://registry.npmjs.org/@esbuild/linux-arm64/-/linux-arm64-0.28.1.tgz",
      "integrity": "sha512-yHs+0uc8+nvEAfAfxrWQKK5peSNzBc4PegcMO0EJ2hT71uA7vB8Ihg2e77R2P7SG5uYjPbHlLLmve4LLLRCf0g==",
      "cpu": [
        "arm64"
      ],
      "license": "MIT",
      "optional": true,
      "os": [
        "linux"
      ],
      "engines": {
        "node": ">=18"
      }
    },
    "node_modules/@esbuild/linux-ia32": {
      "version": "0.28.1",
      "resolved": "https://registry.npmjs.org/@esbuild/linux-ia32/-/linux-ia32-0.28.1.tgz",
      "integrity": "sha512-d1z4ZuP0ajrfz/FhGT4vv278rX8KnPPJx8i5+AtK7TYbx9Le9F1hyzurZpkEyjkGa9dUGhQow4C1NmeGvqxN2w==",
      "cpu": [
        "ia32"
      ],
      "license": "MIT",
      "optional": true,
      "os": [
        "linux"
      ],
      "engines": {
        "node": ">=18"
      }
    },
    "node_modules/@esbuild/linux-loong64": {
      "version": "0.28.1",
      "resolved": "https://registry.npmjs.org/@esbuild/linux-loong64/-/linux-loong64-0.28.1.tgz",
      "integrity": "sha512-M5sRjUVZrkm1OAPR3dlOYzNmN+loZKGVi1VUQGrwuqLcbR6qeAz+famMhjASeH3YVKvZz+zT1jlh/keC3Rj/lg==",
      "cpu": [
        "loong64"
      ],
      "license": "MIT",
      "optional": true,
      "os": [
        "linux"
      ],
      "engines": {
        "node": ">=18"
      }
    },
    "node_modules/@esbuild/linux-mips64el": {
      "version": "0.28.1",
      "resolved": "https://registry.npmjs.org/@esbuild/linux-mips64el/-/linux-mips64el-0.28.1.tgz",
      "integrity": "sha512-mRObBZeHh2OxcBFPWE/FjylkRgZdYuiTR3vaTozquCGOH14iP9oN4x4Ge81CoIDYQrXmIxpFumJBu5MtZpnQJQ==",
      "cpu": [
        "mips64el"
      ],
      "license": "MIT",
      "optional": true,
      "os": [
        "linux"
      ],
      "engines": {
        "node": ">=18"
      }
    },
    "node_modules/@esbuild/linux-ppc64": {
      "version": "0.28.1",
      "resolved": "https://registry.npmjs.org/@esbuild/linux-ppc64/-/linux-ppc64-0.28.1.tgz",
      "integrity": "sha512-slScBsMAb3GFDcdrCgLwZtPYRoH2H/youv10QiZyRjmsP48fznoveWytSgCI/R0ZcUgpc0ZhIUEx6LHts8yrfQ==",
      "cpu": [
        "ppc64"
      ],
      "license": "MIT",
      "optional": true,
      "os": [
        "linux"
      ],
      "engines": {
        "node": ">=18"
      }
    },
    "node_modules/@esbuild/linux-riscv64": {
      "version": "0.28.1",
      "resolved": "https://registry.npmjs.org/@esbuild/linux-riscv64/-/linux-riscv64-0.28.1.tgz",
      "integrity": "sha512-kw0owk1o0GFETUJyW0jc0G4Yzs0BHZn0JDZ8JRT088vjJYX777BAs1fDGxAC+q831qOs2DTC96mNsG2opdfyyQ==",
      "cpu": [
        "riscv64"
      ],
      "license": "MIT",
      "optional": true,
      "os": [
        "linux"
      ],
      "engines": {
        "node": ">=18"
      }
    },
    "node_modules/@esbuild/linux-s390x": {
      "version": "0.28.1",
      "resolved": "https://registry.npmjs.org/@esbuild/linux-s390x/-/linux-s390x-0.28.1.tgz",
      "integrity": "sha512-/lAIjX8aYFRByhh6L5rYtPEDRqa9de/4V/juOXcta5frjvzXO4/sqEtyytse0g3zZFuWu5cDN0MkLz2qRDD2Ag==",
      "cpu": [
        "s390x"
      ],
      "license": "MIT",
      "optional": true,
      "os": [
        "linux"
      ],
      "engines": {
        "node": ">=18"
      }
    },
    "node_modules/@esbuild/linux-x64": {
      "version": "0.28.1",
      "resolved": "https://registry.npmjs.org/@esbuild/linux-x64/-/linux-x64-0.28.1.tgz",
      "integrity": "sha512-u/anNYF2mmVOEDwLtnQ1wOr3EZ9sTNGLWrsYGYwHWzGA3Si84IOkHXlbWTD1NB+9/1lcnweYKO54uhxZydNzfA==",
      "cpu": [
        "x64"
      ],
      "license": "MIT",
      "optional": true,
      "os": [
        "linux"
      ],
      "engines": {
        "node": ">=18"
      }
    },
    "node_modules/@esbuild/netbsd-arm64": {
      "version": "0.28.1",
      "resolved": "https://registry.npmjs.org/@esbuild/netbsd-arm64/-/netbsd-arm64-0.28.1.tgz",
      "integrity": "sha512-oks0DYbLwWMmaakTsCb+zL4E+aHRVLom9IJZOAthMQEPiQmydXHkziYEsGYRx0uNV/IjEKGAV941JzH02pflqw==",
      "cpu": [
        "arm64"
      ],
      "license": "MIT",
      "optional": true,
      "os": [
        "netbsd"
      ],
      "engines": {
        "node": ">=18"
      }
    },
    "node_modules/@esbuild/netbsd-x64": {
      "version": "0.28.1",
      "resolved": "https://registry.npmjs.org/@esbuild/netbsd-x64/-/netbsd-x64-0.28.1.tgz",
      "integrity": "sha512-aeL6lAnN89Hz43Mlh1G8ARasbuoYvSITDEx0tHh5b7jJnHcssqgjy9Yx430GDpmCa6OyrKoS0aNRjKundRizGg==",
      "cpu": [
        "x64"
      ],
      "license": "MIT",
      "optional": true,
      "os": [
        "netbsd"
      ],
      "engines": {
        "node": ">=18"
      }
    },
    "node_modules/@esbuild/openbsd-arm64": {
      "version": "0.28.1",
      "resolved": "https://registry.npmjs.org/@esbuild/openbsd-arm64/-/openbsd-arm64-0.28.1.tgz",
      "integrity": "sha512-MEFJe5C3R8pwXdZ5Y21oo6m7ePiS0d9pWucÛŽøÖÚ$z{-®éÜj×ã2"À¢$&öÆÇW÷&öÆÇW×v–ã3"Ö&ÓcBÖ×7f2#¢#Bãc"ã2"À¢$&öÆÇW÷&öÆÇW×v–ã3"Ö–3"Ö×7f2#¢#Bãc"ã2"À¢$&öÆÇW÷&öÆÇW×v–ã3"×ƒcBÖvçR#¢#Bãc"ã2"À¢$&öÆÇW÷&öÆÇW×v–ã3"×ƒcBÖ×7f2#¢#Bãc"ã2"À¢&g6WfVçG2#¢'ã"ã2ã" ¢Ð¢ÒÀ¢&æöFUöÖöGVÆW2÷66†VGVÆW"#¢°¢'fW'6–öâ#¢#ã#rã"À¢'&W6öÇfVB#¢&‡GG3¢ò÷&Vv—7G'’æçÖ§2æ÷&r÷66†VGVÆW"òÒ÷66†VGVÆW"Óã#rãçFw¢"À¢&–çFVw&—G’#¢'6†S"ÖTçbµw%f$·Sc7f%”¥B÷‡F”cW7”T…”×Fc”–u’öä¶s5w¤TWg’÷†Ótö5¦2÷dÇ‚ö”ó”ftöÖU4GcWF’õÓÒ"À¢&Æ–6Vç6R#¢$Ô•B ¢ÒÀ¢&æöFUöÖöGVÆW2÷6V×fW"#¢°¢'fW'6–öâ#¢#rã‚ãR"À¢'&W6öÇfVB#¢&‡GG3¢ò÷&Vv—7G'’æçÖ§2æ÷&r÷6V×fW"òÒ÷6V×fW"Órã‚ãRçFw¢"À¢&–çFVw&—G’#¢'6†S"Õ“rô´G6#„Æ¦öõ§vw—VÄódEÆ·6t6æ66„„v²·5¤•“E4'eVö4Ô$TdƒUW#d“FEb´§fÃsf6§gV6–“CU&–ôÓÒ"À¢&FWb#¢G'VRÀ¢&Æ–6Vç6R#¢$•42"À¢&&–â#¢°¢'6V×fW"#¢&&–â÷6V×fW"æ§2 ¢ÒÀ¢&Væv–æW2#¢°¢&æöFR#¢#ãÓ ¢Ð¢ÒÀ¢&æöFUöÖöGVÆW2÷6†'#¢°¢'fW'6–öâ#¢#ã3Rã""À¢'&W6öÇfVB#¢&‡GG3¢ò÷&Vv—7G'’æçÖ§2æ÷&r÷6†'òÒ÷6†'Óã3Rã"çFw¢"À¢&–çFVw&—G’#¢'6†S"ÔegDf§D$4Ö”¥3g–#T5ƒu6÷CUtd×Twsfõ$·T¦å…–vböc×2ôCtÄRõ¥U4ç†åsw%¢öF'6Åu–¶÷d„uD'F³GsÓÒ"À¢&FWb#¢G'VRÀ¢&Æ–6Vç6R#¢$6†RÓ"ã"À¢&FWVæFVæ6–W2#¢°¢$–Örö6öÆ÷W"#¢%ããã"À¢&FWFV7BÖÆ–&2#¢%ã"ãã""À¢'6V×fW"#¢%ãrã‚ãB ¢ÒÀ¢&Væv–æW2#¢°¢&æöFR#¢#ãÓ#ã’ã ¢ÒÀ¢&gVæF–ær#¢°¢'W&Â#¢&‡GG3¢òö÷Væ6öÆÆV7F—fRæ6öÒöÆ–'f—2 ¢ÒÀ¢&÷F–öæÄFWVæFVæ6–W2#¢°¢$–Ör÷6†'ÖF'v–âÖ&ÓcB#¢#ã3Rã""À¢$–Ör÷6†'ÖF'v–â×ƒcB#¢#ã3Rã""À¢$–Ör÷6†'Ög&VV'6B×v6Ó3"#¢#ã3Rã""À¢$–Ör÷6†'ÖÆ–'f—2ÖF'v–âÖ&ÓcB#¢#ã2ã"À¢$–Ör÷6†'ÖÆ–'f—2ÖF'v–â×ƒcB#¢#ã2ã"À¢$–Ör÷6†'ÖÆ–'f—2ÖÆ–çW‚Ö&Ò#¢#ã2ã"À¢$–Ör÷6†'ÖÆ–'f—2ÖÆ–çW‚Ö&ÓcB#¢#ã2ã"À¢$–Ör÷6†'ÖÆ–'f—2ÖÆ–çW‚×3cB#¢#ã2ã"À¢$–Ör÷6†'ÖÆ–'f—2ÖÆ–çW‚×&—67ccB#¢#ã2ã"À¢$–Ör÷6†'ÖÆ–'f—2ÖÆ–çW‚×33“‚#¢#ã2ã"À¢$–Ör÷6†'ÖÆ–'f—2ÖÆ–çW‚×ƒcB#¢#ã2ã"À¢$–Ör÷6†'ÖÆ–'f—2ÖÆ–çW†×W6ÂÖ&ÓcB#¢#ã2ã"À¢$–Ör÷6†'ÖÆ–'f—2ÖÆ–çW†×W6Â×ƒcB#¢#ã2ã"À¢$–Ör÷6†'ÖÆ–çW‚Ö&Ò#¢#ã3Rã""À¢$–Ör÷6†'ÖÆ–çW‚Ö&ÓcB#¢#ã3Rã""À¢$–Ör÷6†'ÖÆ–çW‚×3cB#¢#ã3Rã""À¢$–Ör÷6†'ÖÆ–çW‚×&—67ccB#¢#ã3Rã""À¢$–Ör÷6†'ÖÆ–çW‚×33“‚#¢#ã3Rã""À¢$–Ör÷6†'ÖÆ–çW‚×ƒcB#¢#ã3Rã""À¢$–Ör÷6†'ÖÆ–çW†×W6ÂÖ&ÓcB#¢#ã3Rã""À¢$–Ör÷6†'ÖÆ–çW†×W6Â×ƒcB#¢#ã3Rã""À¢$–Ör÷6†'×vV&6öçF–æW'2×v6Ó3"#¢#ã3Rã""À¢$–Ör÷6†'×v–ã3"Ö&ÓcB#¢#ã3Rã""À¢$–Ör÷6†'×v–ã3"Ö–3"#¢#ã3Rã""À¢$–Ör÷6†'×v–ã3"×ƒcB#¢#ã3Rã" ¢Ð¢ÒÀ¢&æöFUöÖöGVÆW2÷6–×ÆRÖ–6öç2#¢°¢'fW'6–öâ#¢#bã#‚ã"À¢'&W6öÇfVB#¢&‡GG3¢ò÷&Vv—7G'’æçÖ§2æ÷&r÷6–×ÆRÖ–6öç2òÒ÷6–×ÆRÖ–6öç2Óbã#‚ãçFw¢"À¢&–çFVw&—G’#¢'6†S"×5#TD²ö–¥&¦÷Sw§svÖÄÇ†ô#ddƒv“Ä÷“U„£'§–Ô§2÷–V¦v”öãt·eöS'E”¤—ƒefÖuU5sTöVfV%CV¶sÓÒ"À¢&gVæF–ær#¢°¢°¢'G—R#¢&÷Væ6öÆÆV7F—fR"À¢'W&Â#¢&‡GG3¢òö÷Væ6öÆÆV7F—fRæ6öÒ÷6–×ÆRÖ–6öç2 ¢ÒÀ¢°¢'G—R#¢&v—F‡V""À¢'W&Â#¢&‡GG3¢òöv—F‡V"æ6öÒ÷7öç6÷'2÷6–×ÆRÖ–6öç2 ¢Ð¢ÒÀ¢&Æ–6Vç6R#¢$43Óã"À¢&Væv–æW2#¢°¢&æöFR#¢#ãÓã"ã‚ ¢Ð¢ÒÀ¢&æöFUöÖöGVÆW2÷6÷W&6RÖÖÖ§2#¢°¢'fW'6–öâ#¢#ã"ã"À¢'&W6öÇfVB#¢&‡GG3¢ò÷&Vv—7G'’æçÖ§2æ÷&r÷6÷W&6RÖÖÖ§2òÒ÷6÷W&6RÖÖÖ§2Óã"ãçFw¢"À¢&–çFVw&—G’#¢'6†S"ÕU…tÔ¶„Ä÷ud¶#s#„•WE‡†e•R·W6G–'EW$²ó‡TtS„5×g&„÷wg¤D'v£…4ÃtÕ3wd—4•4$s…e‚´”E‡eÓÒ"À¢&Æ–6Vç6R#¢$%4BÓ2Ô6ÆW6R"À¢&Væv–æW2#¢°¢&æöFR#¢#ãÓãã ¢Ð¢ÒÀ¢&æöFUöÖöGVÆW2÷7W÷'G2Ö6öÆ÷"#¢°¢'fW'6–öâ#¢#ã"ã""À¢'&W6öÇfVB#¢&‡GG3¢ò÷&Vv—7G'’æçÖ§2æ÷&r÷7W÷'G2Ö6öÆ÷"òÒ÷7W÷'G2Ö6öÆ÷"Óã"ã"çFw¢"À¢&–çFVw&—G’#¢'6†S"Õ52¶§ƒCTtc¦tU…ƒDä¥¥c”–×Ôó$å£Tdç4”‡'4F¦ƒ%—4†æwãu4åó„çV‡&$…§“”¦„–ô5V”6Vrô3ƒsÓÒ"À¢&FWb#¢G'VRÀ¢&Æ–6Vç6R#¢$Ô•B"À¢&Væv–æW2#¢°¢&æöFR#¢#ãÓ‚ ¢ÒÀ¢&gVæF–ær#¢°¢'W&Â#¢&‡GG3¢òöv—F‡V"æ6öÒö6†Æ²÷7W÷'G2Ö6öÆ÷#÷7öç6÷#Ó ¢Ð¢ÒÀ¢&æöFUöÖöGVÆW2÷F–ç’Ö–çf&–çB#¢°¢'fW'6–öâ#¢#ã2ã2"À¢'&W6öÇfVB#¢&‡GG3¢ò÷&Vv—7G'’æçÖ§2æ÷&r÷F–ç’Ö–çf&–çBòÒ÷F–ç’Ö–çf&–çBÓã2ã2çFw¢"À¢&–çFVw&—G’#¢'6†S"Ò´f$%Só•—gf–R÷3U4S66s#7†·et´'F¦Wfwõt”„„£6–öefâõ7§7G£&%Röõ–T¶C’÷£T$ÂµfsÓÒ"À¢&Æ–6Vç6R#¢$Ô•B ¢ÒÀ¢&æöFUöÖöGVÆW2÷F–ç–vÆö&'’#¢°¢'fW'6–öâ#¢#ã"ãr"À¢'&W6öÇfVB#¢&‡GG3¢ò÷&Vv—7G'’æçÖ§2æ÷&r÷F–ç–vÆö&'’òÒ÷F–ç–vÆö&'’Óã"ãrçFw¢"À¢&–çFVw&—G’#¢'6†S"×u…"öE—7¶ÖewVE¦¦”´¤÷t4äfæDCDÖç%rö5–¥dwGDV´&efv4Äd†ôç&Æ£CvÖ¤õf–3——”çScVÇ6tcDå•F&sÓÒ"À¢&Æ–6Vç6R#¢$Ô•B"À¢&FWVæFVæ6–W2#¢°¢&fF—"#¢%ãbãRã"À¢'–6öÖF6‚#¢%ãBããB ¢ÒÀ¢&Væv–æW2#¢°¢&æöFR#¢#ãÓ"ãã ¢ÒÀ¢&gVæF–ær#¢°¢'W&Â#¢&‡GG3¢òöv—F‡V"æ6öÒ÷7öç6÷'2õ7WW&6‡WTFWb ¢Ð¢ÒÀ¢&æöFUöÖöGVÆW2÷F÷ö§6öâÖ6Æ–VçB#¢°¢'fW'6–öâ#¢#2ãã"À¢'&W6öÇfVB#¢&‡GG3¢ò÷&Vv—7G'’æçÖ§2æ÷&r÷F÷ö§6öâÖ6Æ–VçBòÒ÷F÷ö§6öâÖ6Æ–VçBÓ2ããçFw¢"À¢&–çFVw&—G’#¢'6†S"ÓcWW…3f&5—„u‡s—“c%‡—%ce7‡v&æF¦6†Ôç‡S„…uGEe…¦dT¤ã–fBõ5¥3SE6ã'“D×”×„f¢ö4¤”çt‡$·sÓÒ"À¢&Æ–6Vç6R#¢$•42"À¢&FWVæFVæ6–W2#¢°¢&6öÖÖæFW"#¢#" ¢ÒÀ¢&&–â#¢°¢'F÷ó&vVò#¢&&–â÷F÷ó&vVò"À¢'F÷öÖW&vR#¢&&–â÷F÷öÖW&vR"À¢'F÷÷VçF—¦R#¢&&–â÷F÷÷VçF—¦R ¢Ð¢ÒÀ¢&æöFUöÖöGVÆW2÷G6Æ–"#¢°¢'fW'6–öâ#¢#"ã‚ã"À¢'&W6öÇfVB#¢&‡GG3¢ò÷&Vv—7G'’æçÖ§2æ÷&r÷G6Æ–"òÒ÷G6Æ–"Ó"ã‚ãçFw¢"À¢&–çFVw&—G’#¢'6†S"Öô¤gS“D…"´µfGU5UÃwvç×æfÔÇ4ôöäƒf#dTƒt4Vô³öÕU…Sf37t´Ecƒ4Ö´÷T…$‡E5„´µS“””&¥2ó'sÓÒ"À¢&FWb#¢G'VRÀ¢&Æ–6Vç6R#¢#%4B"À¢&÷F–öæÂ#¢G'VP¢ÒÀ¢&æöFUöÖöGVÆW2÷GvVÖö¦’#¢°¢'fW'6–öâ#¢#Bãã""À¢'&W6öÇfVB#¢&‡GG3¢ò÷&Vv—7G'’æçÖ§2æ÷&r÷GvVÖö¦’òÒ÷GvVÖö¦’ÓBãã"çFw¢"À¢&–çFVw&—G’#¢'6†S"Ô'¤öõ„–SfF×5VÕ£SG†$T‚³„wDôµV”sS7¤óWee&•WSfƒWS–ÄãTæ7U3gFSDõ““gƒƒt¤³—f¦¦Ã•u&µE'TÓÒ"À¢&Æ–6Vç6R#¢$Ô•B"À¢&FWVæFVæ6–W2#¢°¢&g2ÖW‡G&#¢%ã‚ãã"À¢&§6öæf–ÆR#¢%ãRãã"À¢'GvVÖö¦’×'6W"#¢#Bãã"À¢'Væ—fW'6Æ–g’#¢%ããã" ¢Ð¢ÒÀ¢&æöFUöÖöGVÆW2÷GvVÖö¦’×'6W"#¢°¢'fW'6–öâ#¢#Bãã"À¢'&W6öÇfVB#¢&‡GG3¢ò÷&Vv—7G'’æçÖ§2æ÷&r÷GvVÖö¦’×'6W"òÒ÷GvVÖö¦’×'6W"ÓBããçFw¢"À¢&–çFVw&—G’#¢'6†S"Ó”ETõDtÄõw3evæƒdäb´346µ“evÔTgv„õfÕC5v&V5$2³c„—6ä¥‡–vf´f7F†$÷„Gv&†‚ô…wfõ'„ÓÒ"À¢&Æ–6Vç6R#¢$Ô•B ¢ÒÀ¢&æöFUöÖöGVÆW2÷G—W67&—B#¢°¢'fW'6–öâ#¢#Rã’ã2"À¢'&W6öÇfVB#¢&‡GG3¢ò÷&Vv—7G'’æçÖ§2æ÷&r÷G—W67&—BòÒ÷G—W67&—BÓRã’ã2çFw¢"À¢&–çFVw&—G’#¢'6†S"Ö¦Ãe§¥F–äÇ#–UWC4¢÷CucdftäWs•§d%G—7£”¶eDCCe$3%“GdµF–WeCF%†Æ#$†„Ç‡wFÓdÓUFu7sÓÒ"À¢&FWb#¢G'VRÀ¢&Æ–6Vç6R#¢$6†RÓ"ã"À¢&&–â#¢°¢'G62#¢&&–â÷G62"À¢'G76W'fW"#¢&&–â÷G76W'fW" ¢ÒÀ¢&Væv–æW2#¢°¢&æöFR#¢#ãÓBãr ¢Ð¢ÒÀ¢&æöFUöÖöGVÆW2÷VæF–6’#¢°¢'fW'6–öâ#¢#rã#‚ã"À¢'&W6öÇfVB#¢&‡GG3¢ò÷&Vv—7G'’æçÖ§2æ÷&r÷VæF–6’òÒ÷VæF–6’Órã#‚ãçFw¢"À¢&–çFVw&—G’#¢'6†S"Ö5%¥—%DGuw¦æÆå&•¦vtw…¥†çG“dÓ…%cfc…vÓDÅu„'rô”s‡cTFäöÓsDGET'”ôôç³sU–Åä–¥ƒD$GDÓÒ"À¢&FWb#¢G'VRÀ¢&Æ–6Vç6R#¢$Ô•B"À¢&Væv–æW2#¢°¢&æöFR#¢#ãÓ#ã‚ã ¢Ð¢ÒÀ¢&æöFUöÖöGVÆW2÷VæVçb#¢°¢'fW'6–öâ#¢#"ãã×&2ã#B"À¢'&W6öÇfVB#¢&‡GG3¢ò÷&Vv—7G'’æçÖ§2æ÷&r÷VæVçbòÒ÷VæVçbÓ"ãã×&2ã#BçFw¢"À¢&–çFVw&—G’#¢'6†S"Ö“w$6Õ“C'¦Ô7vå–Æƒ”ƒ%7dÄW—Tdw–SV•&ÔTÔ¶¦4v“w¦³•WV–u&¤gEDÇ£E—#¤tÅ¦†Ô†Âöf÷“%¥"´7vÇsÓÒ"À¢&FWb#¢G'VRÀ¢&Æ–6Vç6R#¢$Ô•B"À¢'VW"#¢G'VRÀ¢&FWVæFVæ6–W2#¢°¢'F†R#¢%ã"ãã2 ¢Ð¢ÒÀ¢&æöFUöÖöGVÆW2÷Væ—fW'6Æ–g’#¢°¢'fW'6–öâ#¢#ãã""À¢'&W6öÇfVB#¢&‡GG3¢ò÷&Vv—7G'’æçÖ§2æ÷&r÷Væ—fW'6Æ–g’òÒ÷Væ—fW'6Æ–g’Óãã"çFw¢"À¢&–çFVw&—G’#¢'6†S"×$$¦T“T5„Æ×“b³cut#”£c5Se†6¤„„c&c&F$¦—ƒE‡§Tc%35¦&£dt”ô4fUöBôt$õ–5r³¥V¶sÓÒ"À¢&Æ–6Vç6R#¢$Ô•B"À¢&Væv–æW2#¢°¢&æöFR#¢#ãÒBãã ¢Ð¢ÒÀ¢&æöFUöÖöGVÆW2÷W6R×7–æ2ÖW‡FW&æÂ×7F÷&R#¢°¢'fW'6–öâ#¢#ãbã"À¢'&W6öÇfVB#¢&‡GG3¢ò÷&Vv—7G'’æçÖ§2æ÷&r÷W6R×7–æ2ÖW‡FW&æÂ×7F÷&RòÒ÷W6R×7–æ2ÖW‡FW&æÂ×7F÷&RÓãbãçFw¢"À¢&–çFVw&—G’#¢'6†S"Õdu7tuôç%—'…dd–´õW—s†ÄfVäô†–¥vµUG$Gg$cDÇ–Å$2ô´6¶U3–GTÓ4·e•%†æWgCt”Ã“Rµ¥—sÓÒ"À¢&Æ–6Vç6R#¢$Ô•B"À¢'VW$FWVæFVæ6–W2#¢°¢'&V7B#¢%ãbã‚ãÇÂãrããÇÂã‚ããÇÂã’ãã ¢Ð¢ÒÀ¢&æöFUöÖöGVÆW2÷f–7F÷'’×fVæF÷"#¢°¢'fW'6–öâ#¢#3rã2ãb"À¢'&W6öÇfVB#¢&‡GG3¢ò÷&Vv—7G'’æçÖ§2æ÷&r÷f–7F÷'’×fVæF÷"òÒ÷f–7F÷'’×fVæF÷"Ó3rã2ãbçFw¢"À¢&–çFVw&—G’#¢'6†S"Õ6%EDD%—³TÔ¤†„$4”“wt´Ó6CV—fV¶–v3$F³'3wv%£—t–t”%”ugsG¤t„&ÖÂ÷Df&W‡&öe…sdwSFæôw‡$÷uÓÒ"À¢&Æ–6Vç6R#¢$Ô•BäB•42"À¢&FWVæFVæ6–W2#¢°¢$G—W2öC2Ö'&’#¢%ã2ãã2"À¢$G—W2öC2ÖV6R#¢%ã2ãã"À¢$G—W2öC2Ö–çFW'öÆFR#¢%ã2ãã"À¢$G—W2öC2×66ÆR#¢%ãBãã""À¢$G—W2öC2×6†R#¢%ã2ãã"À¢$G—W2öC2×F–ÖR#¢%ã2ãã"À¢$G—W2öC2×F–ÖW"#¢%ã2ãã"À¢&C2Ö'&’#¢%ã2ããb"À¢&C2ÖV6R#¢%ã2ãã"À¢&C2Ö–çFW'öÆFR#¢%ã2ãã"À¢&C2×66ÆR#¢%ãBãã""À¢&C2×6†R#¢%ã2ãã"À¢&C2×F–ÖR#¢%ã2ãã"À¢&C2×F–ÖW"#¢%ã2ãã ¢Ð¢ÒÀ¢&æöFUöÖöGVÆW2÷f—FR#¢°¢'fW'6–öâ#¢#rã2ãb"À¢'&W6öÇfVB#¢&‡GG3¢ò÷&Vv—7G'’æçÖ§2æ÷&r÷f—FRòÒ÷f—FRÓrã2ãbçFw¢"À¢&–çFVw&—G’#¢'6†S"ÓE…c7$v¥5¤fc”‚¶D¤–´³'¦äÃ7¥fÃ”¶´õc”Ö¶µ%"ó4FÇ3G†'5FÆôV3T$Å…uÃ—g4÷†÷‡”¶ôÖÔGVVsÓÒ"À¢&Æ–6Vç6R#¢$Ô•B"À¢'VW"#¢G'VRÀ¢&FWVæFVæ6–W2#¢°¢&W6'V–ÆB#¢%ãã#rãÇÂãã#‚ã"À¢&fF—"#¢%ãbãRã"À¢'–6öÖF6‚#¢%ãBãã2"À¢'÷7F772#¢%ã‚ãRãb"À¢'&öÆÇW#¢%ãBãC2ã"À¢'F–ç–vÆö&'’#¢%ãã"ãR ¢ÒÀ¢&&–â#¢°¢'f—FR#¢&&–â÷f—FRæ§2 ¢ÒÀ¢&Væv–æW2#¢°¢&æöFR#¢%ã#ã’ãÇÂãÓ#"ã"ã ¢ÒÀ¢&gVæF–ær#¢°¢'W&Â#¢&‡GG3¢òöv—F‡V"æ6öÒ÷f—FV§2÷f—FS÷7öç6÷#Ó ¢ÒÀ¢&÷F–öæÄFWVæFVæ6–W2#¢°¢&g6WfVçG2#¢'ã"ã2ã2 ¢ÒÀ¢'VW$FWVæFVæ6–W2#¢°¢$G—W2öæöFR#¢%ã#ã’ãÇÂãÓ#"ã"ã"À¢&¦—F’#¢#ãÓã#ã"À¢&ÆW72#¢%ãBãã"À¢&Æ–v‡Fæ–æv772#¢%ãã#ã"À¢'672#¢%ããsã"À¢'672ÖVÖ&VFFVB#¢%ããsã"À¢'7G–ÇW2#¢#ãÓãSBã‚"À¢'7Vv'72#¢%ãRãã"À¢'FW'6W"#¢%ãRãbã"À¢'G7‚#¢%ãBã‚ã"À¢'–ÖÂ#¢%ã"ãBã" ¢ÒÀ¢'VW$FWVæFVæ6–W4ÖWF#¢°¢$G—W2öæöFR#¢°¢&÷F–öæÂ#¢G'VP¢ÒÀ¢&¦—F’#¢°¢&÷F–öæÂ#¢G'VP¢ÒÀ¢&ÆW72#¢°¢&÷F–öæÂ#¢G'VP¢ÒÀ¢&Æ–v‡Fæ–æv772#¢°¢&÷F–öæÂ#¢G'VP¢ÒÀ¢'672#¢°¢&÷F–öæÂ#¢G'VP¢ÒÀ¢'672ÖVÖ&VFFVB#¢°¢&÷F–öæÂ#¢G'VP¢ÒÀ¢'7G–ÇW2#¢°¢&÷F–öæÂ#¢G'VP¢ÒÀ¢'7Vv'72#¢°¢&÷F–öæÂ#¢G'VP¢ÒÀ¢'FW'6W"#¢°¢&÷F–öæÂ#¢G'VP¢ÒÀ¢'G7‚#¢°¢&÷F–öæÂ#¢G'VP¢ÒÀ¢'–ÖÂ#¢°¢&÷F–öæÂ#¢G'VP¢Ð¢Ð¢ÒÀ¢&æöFUöÖöGVÆW2÷v÷&¶W&B#¢°¢'fW'6–öâ#¢#ã##cs3ã"À¢'&W6öÇfVB#¢&‡GG3¢ò÷&Vv—7G'’æçÖ§2æ÷&r÷v÷&¶W&BòÒ÷v÷&¶W&BÓã##cs3ãçFw¢"À¢&–çFVw&—G’#¢'6†S"×¦Ödä–§u•5te“V6„t$ö¥wDƒ7„Sw“teD3ge#DW“ƒ#“†ódT"ôåf4$C#sE”4ÄUU—§Ó‡—†GE¦Ç„×–%S†6¤ÓÒ"À¢&FWb#¢G'VRÀ¢&†4–ç7FÆÅ67&—B#¢G'VRÀ¢&Æ–6Vç6R#¢$6†RÓ"ã"À¢'VW"#¢G'VRÀ¢&&–â#¢°¢'v÷&¶W&B#¢&&–â÷v÷&¶W&B ¢ÒÀ¢&Væv–æW2#¢°¢&æöFR#¢#ãÓb ¢ÒÀ¢&÷F–öæÄFWVæFVæ6–W2#¢°¢$6Æ÷VFfÆ&R÷v÷&¶W&BÖF'v–âÓcB#¢#ã##cs3ã"À¢$6Æ÷VFfÆ&R÷v÷&¶W&BÖF'v–âÖ&ÓcB#¢#ã##cs3ã"À¢$6Æ÷VFfÆ&R÷v÷&¶W&BÖÆ–çW‚ÓcB#¢#ã##cs3ã"À¢$6Æ÷VFfÆ&R÷v÷&¶W&BÖÆ–çW‚Ö&ÓcB#¢#ã##cs3ã"À¢$6Æ÷VFfÆ&R÷v÷&¶W&B×v–æF÷w2ÓcB#¢#ã##cs3ã ¢Ð¢ÒÀ¢&æöFUöÖöGVÆW2÷v÷&ÆBÖFÆ2#¢°¢'fW'6–öâ#¢#"ãã""À¢'&W6öÇfVB#¢&‡GG3¢ò÷&Vv—7G'’æçÖ§2æ÷&r÷v÷&ÆBÖFÆ2òÒ÷v÷&ÆBÖFÆ2Ó"ãã"çFw¢"À¢&–çFVw&—G’#¢'6†S"Ô•†ecvÄµ‡6·£f‡u…gtµ&¦”–„öåwGD÷6¶ÓT7G„×6¦tRôÕ„•$…t§u„÷Ó„–¶5&õ†ç•ESVÄd†5–T6„sÅÓÒ"À¢&Æ–6Vç6R#¢$•42 ¢ÒÀ¢&æöFUöÖöGVÆW2÷w&ævÆW"#¢°¢'fW'6–öâ#¢#Bãbã"À¢'&W6öÇfVB#¢&‡GG3¢ò÷&Vv—7G'’æçÖ§2æ÷&r÷w&ævÆW"òÒ÷w&ævÆW"ÓBãbãçFw¢"À¢&–çFVw&—G’#¢'6†S"×u‡„ƒT´¦¦dtV§G“äç—„—%DgdÕ§w”#T5'T–•“dÂõ6”4·D•”¤#”…‡Õ4Õ„"ö’õ•6Ç2µtö&„‡sÓÒ"À¢&FWb#¢G'VRÀ¢&Æ–6Vç6R#¢$Ô•Bõ"6†RÓ"ã"À¢&FWVæFVæ6–W2#¢°¢$6Æ÷VFfÆ&Rö·bÖ76WBÖ†æFÆW"#¢#ãRã"À¢$6Æ÷VFfÆ&R÷VæVçb×&W6WB#¢#"ãbã"À¢&&Æ¶S2×v6Ò#¢#"ããR"À¢&W6'V–ÆB#¢#ã#‚ã"À¢&Ö–æ–fÆ&R#¢#Bã##cs3ã"À¢'F‚×Fò×&VvW‡#¢#bã2ã"À¢'VæVçb#¢#"ãã×&2ã#B"À¢'v÷&¶W&B#¢#ã##cs3ã ¢ÒÀ¢&&–â#¢°¢&6b×w&ævÆW"#¢&&–âö6b×w&ævÆW"æ§2"À¢'w&ævÆW"#¢&&–â÷w&ævÆW"æ§2"À¢'w&ævÆW#"#¢&&–â÷w&ævÆW"æ§2 ¢ÒÀ¢&Væv–æW2#¢°¢&æöFR#¢#ãÓ#"ãã ¢ÒÀ¢&÷F–öæÄFWVæFVæ6–W2#¢°¢&g6WfVçG2#¢#"ã2ã2 ¢ÒÀ¢'VW$FWVæFVæ6–W2#¢°¢$6Æ÷VFfÆ&R÷v÷&¶W'2×G—W2#¢%ãRã##cs3ã ¢ÒÀ¢'VW$FWVæFVæ6–W4ÖWF#¢°¢$6Æ÷VFfÆ&R÷v÷&¶W'2×G—W2#¢°¢&÷F–öæÂ#¢G'VP¢Ð¢Ð¢ÒÀ¢&æöFUöÖöGVÆW2÷w2#¢°¢'fW'6–öâ#¢#‚ã#ã"À¢'&W6öÇfVB#¢&‡GG3¢ò÷&Vv—7G'’æçÖ§2æ÷&r÷w2òÒ÷w2Ó‚ã#ãçFw¢"À¢&–çFVw&—G’#¢'6†S"Õg7#†#tE&6–Ôeg'S%vV³7£•—„D5w…”#…6æ²õ3E&f5¥u”$çUf¤¥c66CeV”·EWGg4äÓsvuwg¦44‚¶sÓÒ"À¢&FWb#¢G'VRÀ¢&Æ–6Vç6R#¢$Ô•B"À¢&Væv–æW2#¢°¢&æöFR#¢#ãÓãã ¢ÒÀ¢'VW$FWVæFVæ6–W2#¢°¢&'VffW'WF–Â#¢%ãBãã"À¢'WFbÓ‚×fÆ–FFR#¢#ãÓRãã" ¢ÒÀ¢'VW$FWVæFVæ6–W4ÖWF#¢°¢&'VffW'WF–Â#¢°¢&÷F–öæÂ#¢G'VP¢ÒÀ¢'WFbÓ‚×fÆ–FFR#¢°¢&÷F–öæÂ#¢G'VP¢Ð¢Ð¢ÒÀ¢&æöFUöÖöGVÆW2÷–÷V6‚#¢°¢'fW'6–öâ#¢#BããÖ&WFã"À¢'&W6öÇfVB#¢&‡GG3¢ò÷&Vv—7G'’æçÖ§2æ÷&r÷–÷V6‚òÒ÷–÷V6‚ÓBããÖ&WFãçFw¢"À¢&–çFVw&—G’#¢'6†S"×$ÆedÄ#DfuæTG#GcöFD5e¦Ô¶¦4£g•ƒfÕ3GSƒ$×ôGC–64Å¥c'D$ÃDTò·Ug$7gEw£5¤eTÃ$„dd¢ô%…ÓÒ"À¢&FWb#¢G'VRÀ¢&Æ–6Vç6R#¢$Ô•B"À¢&FWVæFVæ6–W2#¢°¢$÷–ç72ö6öÆ÷'2#¢%ãBããR"À¢$÷–ç72öGV×W"#¢%ããbãB"À¢$7VVBÖ†–v†Æ–v‡Bö6÷&R#¢%ãã"ãr"À¢&6öö¶–R#¢%ããã""À¢'–÷V6‚Ö6÷&R#¢%ãã2ã2 ¢Ð¢ÒÀ¢&æöFUöÖöGVÆW2÷–÷V6‚Ö6÷&R#¢°¢'fW'6–öâ#¢#ã2ã2"À¢'&W6öÇfVB#¢&‡GG3¢ò÷&Vv—7G'’æçÖ§2æ÷&r÷–÷V6‚Ö6÷&RòÒ÷–÷V6‚Ö6÷&RÓã2ã2çFw¢"À¢&–çFVw&—G’#¢'6†S"Ö†óu‡Tv¤Æ£&…t†ô³‡”fç5Tw“%“WTG5Gf´„Ä³Bö÷·G•USf$ô÷…“D—3–ceDÆ§u–'6ÅW£óT'Cw$ÓÒ"À¢&FWb#¢G'VRÀ¢&Æ–6Vç6R#¢$Ô•B"À¢&FWVæFVæ6–W2#¢°¢$÷–ç72öW†6WF–öâ#¢%ãã"ã""À¢&W'&÷"×7F6²×'6W"ÖW2#¢%ãããR ¢Ð¢Ð¢Ð§Ð